
Microsoft Visual Studio Solution File, Format Version 11.00
# Visual Studio 2010
Project("{FAE04EC0-301F-11D3-BF4B-00C04F79EFBC}") = "Memento.DataAccess.EntLib2", "Memento.DataAccess.EntLib2\Memento.DataAccess.EntLib2.csproj", "{20758A66-2381-468A-82C1-DA73394C7DBB}"
EndProject
Project("{FAE04EC0-301F-11D3-BF4B-00C04F79EFBC}") = "Memento.DataAccess", "Memento.DataAccess\Memento.DataAccess.csproj", "{7A26A935-81D5-4A53-87E8-E6AC191ED1FF}"
EndProject
Project("{FAE04EC0-301F-11D3-BF4B-00C04F79EFBC}") = "Memento.Persistence", "Memento.Persistence\Memento.Persistence.csproj", "{2F069557-B0FA-4182-BA7E-B20A0AA138EC}"
EndProject
Project("{FAE04EC0-301F-11D3-BF4B-00C04F79EFBC}") = "Memento.Test.Entities", "Memento.Test.Entities\Memento.Test.Entities.csproj", "{892C15B6-7281-4743-9543-E6F32CB5EC48}"
EndProject
Project("{FAE04EC0-301F-11D3-BF4B-00C04F79EFBC}") = "Memento.Test.App", "Memento.Test.App\Memento.Test.App.csproj", "{B90AAB8C-608D-4128-90E4-7A8DAC5FD5AA}"
EndProject
Project("{FAE04EC0-301F-11D3-BF4B-00C04F79EFBC}") = "Memento.DataAccess.EntLib5", "Memento.DataAccess.EntLib5\Memento.DataAccess.EntLib5.csproj", "{2F59BEAB-9770-435E-811E-D28034F904A1}"
EndProject
Project("{FAE04EC0-301F-11D3-BF4B-00C04F79EFBC}") = "Memento.DataAccess.OleDb", "Memento.DataAccess.OleDb\Memento.DataAccess.OleDb.csproj", "{3B5385DC-2410-4FBA-926A-2FB386503B0D}"
EndProject
Project("{FAE04EC0-301F-11D3-BF4B-00C04F79EFBC}") = "Memento.DataAccess.Odbc", "Memento.DataAccess.Odbc\Memento.DataAccess.Odbc.csproj", "{56E885FC-444A-4E76-838D-196ACEE34934}"
EndProject
Project("{FAE04EC0-301F-11D3-BF4B-00C04F79EFBC}") = "Memento.Persistence.Commons", "Memento.Persistence.Commons\Memento.Persistence.Commons.csproj", "{8F1D7931-99FA-4C36-8CDA-BE4DFBF08A0E}"
EndProject
Project("{FAE04EC0-301F-11D3-BF4B-00C04F79EFBC}") = "Verso.Net.Commons", "..\Verso\Verso.Net.Commons\Verso.Net.Commons.csproj", "{0E7D4746-344B-4261-A3B6-C94FB0561133}"
EndProject
Project("{FAE04EC0-301F-11D3-BF4B-00C04F79EFBC}") = "Octopus.Injection.Commons", "..\Octopus\Octopus.Injection.Commons\Octopus.Injection.Commons.csproj", "{3DB49629-ADE8-456F-B4D5-0B22F540E1BC}"
EndProject
Global
	GlobalSection(SolutionConfigurationPlatforms) = preSolution
		Debug|Any CPU = Debug|Any CPU
		Debug|Mixed Platforms = Debug|Mixed Platforms
		Debug|x64 = Debug|x64
		Debug|x86 = Debug|x86
		Release|Any CPU = Release|Any CPU
		Release|Mixed Platforms = Release|Mixed Platforms
		Release|x64 = Release|x64
		Release|x86 = Release|x86
	EndGlobalSection
	GlobalSection(ProjectConfigurationPlatforms) = postSolution
		{20758A66-2381-468A-82C1-DA73394C7DBB}.Debug|Any CPU.ActiveCfg = Debug|Any CPU
		{20758A66-2381-468A-82C1-DA73394C7DBB}.Debug|Any CPU.Build.0 = Debug|Any CPU
		{20758A66-2381-468A-82C1-DA73394C7DBB}.Debug|Mixed Platforms.ActiveCfg = Debug|Any CPU
		{20758A66-2381-468A-82C1-DA73394C7DBB}.Debug|Mixed Platforms.Build.0 = Debug|Any CPU
		{20758A66-2381-468A-82C1-DA73394C7DBB}.Debug|x64.ActiveCfg = Debug|x64
		{20758A66-2381-468A-82C1-DA73394C7DBB}.Debug|x64.Build.0 = Debug|x64
		{20758A66-2381-468A-82C1-DA73394C7DBB}.Debug|x86.ActiveCfg = Debug|Any CPU
		{20758A66-2381-468A-82C1-DA73394C7DBB}.Debug|x86.Build.0 = Debug|Any CPU
		{20758A66-2381-468A-82C1-DA73394C7DBB}.Release|Any CPU.ActiveCfg = Release|Any CPU
		{20758A66-2381-468A-82C1-DA73394C7DBB}.Release|Any CPU.Build.0 = Release|Any CPU
		{20758A66-2381-468A-82C1-DA73394C7DBB}.Release|Mixed Platforms.ActiveCfg = Release|Any CPU
		{20758A66-2381-468A-82C1-DA73394C7DBB}.Release|Mixed Platforms.Build.0 = Release|Any CPU
		{20758A66-2381-468A-82C1-DA73394C7DBB}.Release|x64.ActiveCfg = Release|x64
		{20758A66-2381-468A-82C1-DA73394C7DBB}.Release|x64.Build.0 = Release|x64
		{20758A66-2381-468A-82C1-DA73394C7DBB}.Release|x86.ActiveCfg = Release|Any CPU
		{20758A66-2381-468A-82C1-DA73394C7DBB}.Release|x86.Build.0 = Release|Any CPU
		{7A26A935-81D5-4A53-87E8-E6AC191ED1FF}.Debug|Any CPU.ActiveCfg = Debug|Any CPU
		{7A26A935-81D5-4A53-87E8-E6AC191ED1FF}.Debug|Any CPU.Build.0 = Debug|Any CPU
		{7A26A935-81D5-4A53-87E8-E6AC191ED1FF}.Debug|Mixed Platforms.ActiveCfg = Debug|Any CPU
		{7A26A935-81D5-4A53-87E8-E6AC191ED1FF}.Debug|Mixed Platforms.Build.0 = Debug|Any CPU
		{7A26A935-81D5-4A53-87E8-E6AC191ED1FF}.Debug|x64.ActiveCfg = Debug|x64
		{7A26A935-81D5-4A53-87E8-E6AC191ED1FF}.Debug|x64.Build.0 = Debug|x64
		{7A26A935-81D5-4A53-87E8-E6AC191ED1FF}.Debug|x86.ActiveCfg = Debug|Any CPU
		{7A26A935-81D5-4A53-87E8-E6AC191ED1FF}.Debug|x86.Build.0 = Debug|Any CPU
		{7A26A935-81D5-4A53-87E8-E6AC191ED1FF}.Release|Any CPU.ActiveCfg = Release|Any CPU
		{7A26A935-81D5-4A53-87E8-E6AC191ED1FF}.Release|Any CPU.Build.0 = Release|Any CPU
		{7A26A935-81D5-4A53-87E8-E6AC191ED1FF}.Release|Mixed Platforms.ActiveCfg = Release|Any CPU
		{7A26A935-81D5-4A53-87E8-E6AC191ED1FF}.Release|Mixed Platforms.Build.0 = Release|Any CPU
		{7A26A935-81D5-4A53-87E8-E6AC191ED1FF}.Release|x64.ActiveCfg = Release|x64
		{7A26A935-81D5-4A53-87E8-E6AC191ED1FF}.Release|x64.Build.0 = Release|x64
		{7A26A935-81D5-4A53-87E8-E6AC191ED1FF}.Release|x86.ActiveCfg = Release|Any CPU
		{7A26A935-81D5-4A53-87E8-E6AC191ED1FF}.Release|x86.Build.0 = Release|Any CPU
		{2F069557-B0FA-4182-BA7E-B20A0AA138EC}.Debug|Any CPU.ActiveCfg = Debug|Any CPU
		{2F069557-B0FA-4182-BA7E-B20A0AA138EC}.Debug|Any CPU.Build.0 = Debug|Any CPU
		{2F069557-B0FA-4182-BA7E-B20A0AA138EC}.Debug|Mixed Platforms.ActiveCfg = Debug|Any CPU
		{2F069557-B0FA-4182-BA7E-B20A0AA138EC}.Debug|Mixed Platforms.Build.0 = Debug|Any CPU
		{2F069557-B0FA-4182-BA7E-B20A0AA138EC}.Debug|x64.ActiveCfg = Debug|x64
		{2F069557-B0FA-4182-BA7E-B20A0AA138EC}.Debug|x64.Build.0 = Debug|x64
		{2F069557-B0FA-4182-BA7E-B20A0AA138EC}.Debug|x86.ActiveCfg = Debug|Any CPU
		{2F069557-B0FA-4182-BA7E-B20A0AA138EC}.Debug|x86.Build.0 = Debug|Any CPU
		{2F069557-B0FA-4182-BA7E-B20A0AA138EC}.Release|Any CPU.ActiveCfg = Release|Any CPU
		{2F069557-B0FA-4182-BA7E-B20A0AA138EC}.Release|Any CPU.Build.0 = Release|Any CPU
		{2F069557-B0FA-4182-BA7E-B20A0AA138EC}.Release|Mixed Platforms.ActiveCfg = Release|Any CPU
		{2F069557-B0FA-4182-BA7E-B20A0AA138EC}.Release|Mixed Platforms.Build.0 = Release|Any CPU
		{2F069557-B0FA-4182-BA7E-B20A0AA138EC}.Release|x64.ActiveCfg = Release|x64
		{2F069557-B0FA-4182-BA7E-B20A0AA138EC}.Release|x64.Build.0 = Release|x64
		{2F069557-B0FA-4182-BA7E-B20A0AA138EC}.Release|x86.ActiveCfg = Release|Any CPU
		{2F069557-B0FA-4182-BA7E-B20A0AA138EC}.Release|x86.Build.0 = Release|Any CPU
		{892C15B6-7281-4743-9543-E6F32CB5EC48}.Debug|Any CPU.ActiveCfg = Debug|Any CPU
		{892C15B6-7281-4743-9543-E6F32CB5EC48}.Debug|Any CPU.Build.0 = Debug|Any CPU
		{892C15B6-7281-4743-9543-E6F32CB5EC48}.Debug|Mixed Platforms.ActiveCfg = Debug|Any CPU
		{892C15B6-7281-4743-9543-E6F32CB5EC48}.Debug|Mixed Platforms.Build.0 = Debug|Any CPU
		{892C15B6-7281-4743-9543-E6F32CB5EC48}.Debug|x64.ActiveCfg = Debug|x64
		{892C15B6-7281-4743-9543-E6F32CB5EC48}.Debug|x64.Build.0 = Debug|x64
		{892C15B6-7281-4743-9543-E6F32CB5EC48}.Debug|x86.ActiveCfg = Debug|Any CPU
		{892C15B6-7281-4743-9543-E6F32CB5EC48}.Debug|x86.Build.0 = Debug|Any CPU
		{892C15B6-7281-4743-9543-E6F32CB5EC48}.Release|Any CPU.ActiveCfg = Release|Any CPU
		{892C15B6-7281-4743-9543-E6F32CB5EC48}.Release|Any CPU.Build.0 = Release|Any CPU
		{892C15B6-7281-4743-9543-E6F32CB5EC48}.Release|Mixed Platforms.ActiveCfg = Release|Any CPU
		{892C15B6-7281-4743-9543-E6F32CB5EC48}.Release|Mixed Platforms.Build.0 = Release|Any CPU
		{892C15B6-7281-4743-9543-E6F32CB5EC48}.Release|x64.ActiveCfg = Release|x64
		{892C15B6-7281-4743-9543-E6F32CB5EC48}.Release|x64.Build.0 = Release|x64
		{892C15B6-7281-4743-9543-E6F32CB5EC48}.Release|x86.ActiveCfg = Release|Any CPU
		{892C15B6-7281-4743-9543-E6F32CB5EC48}.Release|x86.Build.0 = Release|Any CPU
		{B90AAB8C-608D-4128-90E4-7A8DAC5FD5AA}.Debug|Any CPU.ActiveCfg = Debug|x86
		{B90AAB8C-608D-4128-90E4-7A8DAC5FD5AA}.Debug|Any CPU.Build.0 = Debug|x86
		{B90AAB8C-608D-4128-90E4-7A8DAC5FD5AA}.Debug|Mixed Platforms.ActiveCfg = Debug|x86
		{B90AAB8C-608D-4128-90E4-7A8DAC5FD5AA}.Debug|Mixed Platforms.Build.0 = Debug|x86
		{B90AAB8C-608D-4128-90E4-7A8DAC5FD5AA}.Debug|x64.ActiveCfg = Debug|x64
		{B90AAB8C-608D-4128-90E4-7A8DAC5FD5AA}.Debug|x86.ActiveCfg = Debug|x86
		{B90AAB8C-608D-4128-90E4-7A8DAC5FD5AA}.Debug|x86.Build.0 = Debug|x86
		{B90AAB8C-608D-4128-90E4-7A8DAC5FD5AA}.Release|Any CPU.ActiveCfg = Release|x86
		{B90AAB8C-608D-4128-90E4-7A8DAC5FD5AA}.Release|Any CPU.Build.0 = Release|x86
		{B90AAB8C-608D-4128-90E4-7A8DAC5FD5AA}.Release|Mixed Platforms.ActiveCfg = Release|x86
		{B90AAB8C-608D-4128-90E4-7A8DAC5FD5AA}.Release|Mixed Platforms.Build.0 = Release|x86
		{B90AAB8C-608D-4128-90E4-7A8DAC5FD5AA}.Release|x64.ActiveCfg = Release|x64
		{B90AAB8C-608D-4128-90E4-7A8DAC5FD5AA}.Release|x86.ActiveCfg = Release|x86
		{B90AAB8C-608D-4128-90E4-7A8DAC5FD5AA}.Release|x86.Build.0 = Release|x86
		{2F59BEAB-9770-435E-811E-D28034F904A1}.Debug|Any CPU.ActiveCfg = Debug|Any CPU
		{2F59BEAB-9770-435E-811E-D28034F904A1}.Debug|Any CPU.Build.0 = Debug|Any CPU
		{2F59BEAB-9770-435E-811E-D28034F904A1}.Debug|Mixed Platforms.ActiveCfg = Debug|Any CPU
		{2F59BEAB-9770-435E-811E-D28034F904A1}.Debug|Mixed Platforms.Build.0 = Debug|Any CPU
		{2F59BEAB-9770-435E-811E-D28034F904A1}.Debug|x64.ActiveCfg = Debug|x64
		{2F59BEAB-9770-435E-811E-D28034F904A1}.Debug|x64.Build.0 = Debug|x64
		{2F59BEAB-9770-435E-811E-D28034F904A1}.Debug|x86.ActiveCfg = Debug|Any CPU
		{2F59BEAB-9770-435E-811E-D28034F904A1}.Debug|x86.Build.0 = Debug|Any CPU
		{2F59BEAB-9770-435E-811E-D28034F904A1}.Release|Any CPU.ActiveCfg = Release|Any CPU
		{2F59BEAB-9770-435E-811E-D28034F904A1}.Release|Any CPU.Build.0 = Release|Any CPU
		{2F59BEAB-9770-435E-811E-D28034F904A1}.Release|Mixed Platforms.ActiveCfg = Release|Any CPU
		{2F59BEAB-9770-435E-811E-D28034F904A1}.Release|Mixed Platforms.Build.0 = Release|Any CPU
		{2F59BEAB-9770-435E-811E-D28034F904A1}.Release|x64.ActiveCfg = Release|x64
		{2F59BEAB-9770-435E-811E-D28034F904A1}.Release|x64.Build.0 = Release|x64
		{2F59BEAB-9770-435E-811E-D28034F904A1}.Release|x86.ActiveCfg = Release|Any CPU
		{2F59BEAB-9770-435E-811E-D28034F904A1}.Release|x86.Build.0 = Release|Any CPU
		{3B5385DC-2410-4FBA-926A-2FB386503B0D}.Debug|Any CPU.ActiveCfg = Debug|Any CPU
		{3B5385DC-2410-4FBA-926A-2FB386503B0D}.Debug|Any CPU.Build.0 = Debug|Any CPU
		{3B5385DC-2410-4FBA-926A-2FB386503B0D}.Debug|Mixed Platforms.ActiveCfg = Debug|Any CPU
		{3B5385DC-2410-4FBA-926A-2FB386503B0D}.Debug|Mixed Platforms.Build.0 = Debug|Any CPU
		{3B5385DC-2410-4FBA-926A-2FB386503B0D}.Debug|x64.ActiveCfg = Debug|x64
		{3B5385DC-2410-4FBA-926A-2FB386503B0D}.Debug|x64.Build.0 = Debug|x64
		{3B5385DC-2410-4FBA-926A-2FB386503B0D}.Debug|x86.ActiveCfg = Debug|Any CPU
		{3B5385DC-2410-4FBA-926A-2FB386503B0D}.Debug|x86.Build.0 = Debug|Any CPU
		{3B5385DC-2410-4FBA-926A-2FB386503B0D}.Release|Any CPU.ActiveCfg = Release|Any CPU
		{3B5385DC-2410-4FBA-926A-2FB386503B0D}.Release|Any CPU.Build.0 = Release|Any CPU
		{3B5385DC-2410-4FBA-926A-2FB386503B0D}.Release|Mixed Platforms.ActiveCfg = Release|Any CPU
		{3B5385DC-2410-4FBA-926A-2FB386503B0D}.Release|Mixed Platforms.Build.0 = Release|Any CPU
		{3B5385DC-2410-4FBA-926A-2FB386503B0D}.Release|x64.ActiveCfg = Release|x64
		{3B5385DC-2410-4FBA-926A-2FB386503B0D}.Release|x64.Build.0 = Release|x64
		{3B5385DC-2410-4FBA-926A-2FB386503B0D}.Release|x86.ActiveCfg = Release|Any CPU
		{3B5385DC-2410-4FBA-926A-2FB386503B0D}.Release|x86.Build.0 = Release|Any CPU
		{56E885FC-444A-4E76-838D-196ACEE34934}.Debug|Any CPU.ActiveCfg = Debug|Any CPU
		{56E885FC-444A-4E76-838D-196ACEE34934}.Debug|Any CPU.Build.0 = Debug|Any CPU
		{56E885FC-444A-4E76-838D-196ACEE34934}.Debug|Mixed Platforms.ActiveCfg = Debug|Any CPU
		{56E885FC-444A-4E76-838D-196ACEE34934}.Debug|Mixed Platforms.Build.0 = Debug|Any CPU
		{56E885FC-444A-4E76-838D-196ACEE34934}.Debug|x64.ActiveCfg = Debug|x64
		{56E885FC-444A-4E76-838D-196ACEE34934}.Debug|x64.Build.0 = Debug|x64
		{56E885FC-444A-4E76-838D-196ACEE34934}.Debug|x86.ActiveCfg = Debug|Any CPU
		{56E885FC-444A-4E76-838D-196ACEE34934}.Debug|x86.Build.0 = Debug|Any CPU
		{56E885FC-444A-4E76-838D-196ACEE34934}.Release|Any CPU.ActiveCfg = Release|Any CPU
		{56E885FC-444A-4E76-838D-196ACEE34934}.Release|Any CPU.Build.0 = Release|Any CPU
		{56E885FC-444A-4E76-838D-196ACEE34934}.Release|Mixed Platforms.ActiveCfg = Release|Any CPU
		{56E885FC-444A-4E76-838D-196ACEE34934}.Release|Mixed Platforms.Build.0 = Release|Any CPU
		{56E885FC-444A-4E76-838D-196ACEE34934}.Release|x64.ActiveCfg = Release|x64
		{56E885FC-444A-4E76-838D-196ACEE34934}.Release|x64.Build.0 = Release|x64
		{56E885FC-444A-4E76-838D-196ACEE34934}.Release|x86.ActiveCfg = Release|Any CPU
		{56E885FC-444A-4E76-838D-196ACEE34934}.Release|x86.Build.0 = Release|Any CPU
		{8F1D7931-99FA-4C36-8CDA-BE4DFBF08A0E}.Debug|Any CPU.ActiveCfg = Debug|Any CPU
		{8F1D7931-99FA-4C36-8CDA-BE4DFBF08A0E}.Debug|Any CPU.Build.0 = Debug|Any CPU
		{8F1D7931-99FA-4C36-8CDA-BE4DFBF08A0E}.Debug|Mixed Platforms.ActiveCfg = Debug|Any CPU
		{8F1D7931-99FA-4C36-8CDA-BE4DFBF08A0E}.Debug|Mixed Platforms.Build.0 = Debug|Any CPU
		{8F1D7931-99FA-4C36-8CDA-BE4DFBF08A0E}.Debug|x64.ActiveCfg = Debug|x64
		{8F1D7931-99FA-4C36-8CDA-BE4DFBF08A0E}.Debug|x64.Build.0 = Debug|x64
		{8F1D7931-99FA-4C36-8CDA-BE4DFBF08A0E}.Debug|x86.ActiveCfg = Debug|Any CPU
		{8F1D7931-99FA-4C36-8CDA-BE4DFBF08A0E}.Debug|x86.Build.0 = Debug|Any CPU
		{8F1D7931-99FA-4C36-8CDA-BE4DFBF08A0E}.Release|Any CPU.ActiveCfg = Release|Any CPU
		{8F1D7931-99FA-4C36-8CDA-BE4DFBF08A0E}.Release|Any CPU.Build.0 = Release|Any CPU
		{8F1D7931-99FA-4C36-8CDA-BE4DFBF08A0E}.Release|Mixed Platforms.ActiveCfg = Release|Any CPU
		{8F1D7931-99FA-4C36-8CDA-BE4DFBF08A0E}.Release|Mixed Platforms.Build.0 = Release|Any CPU
		{8F1D7931-99FA-4C36-8CDA-BE4DFBF08A0E}.Release|x64.ActiveCfg = Release|x64
		{8F1D7931-99FA-4C36-8CDA-BE4DFBF08A0E}.Release|x64.Build.0 = Release|x64
		{8F1D7931-99FA-4C36-8CDA-BE4DFBF08A0E}.Release|x86.ActiveCfg = Release|Any CPU
		{8F1D7931-99FA-4C36-8CDA-BE4DFBF08A0E}.Release|x86.Build.0 = Release|Any CPU
		{0E7D4746-344B-4261-A3B6-C94FB0561133}.Debug|Any CPU.ActiveCfg = Debug|Any CPU
		{0E7D4746-344B-4261-A3B6-C94FB0561133}.Debug|Any CPU.Build.0 = Debug|Any CPU
		{0E7D4746-344B-4261-A3B6-C94FB0561133}.Debug|Mixed Platforms.ActiveCfg = Debug|Any CPU
		{0E7D4746-344B-4261-A3B6-C94FB0561133}.Debug|Mixed Platforms.Build.0 = Debug|Any CPU
		{0E7D4746-344B-4261-A3B6-C94FB0561133}.Debug|x64.ActiveCfg = Debug|Any CPU
		{0E7D4746-344B-4261-A3B6-C94FB0561133}.Debug|x86.ActiveCfg = Debug|Any CPU
		{0E7D4746-344B-4261-A3B6-C94FB0561133}.Release|Any CPU.ActiveCfg = Release|Any CPU
		{0E7D4746-344B-4261-A3B6-C94FB0561133}.Release|Any CPU.Build.0 = Release|Any CPU
		{0E7D4746-344B-4261-A3B6-C94FB0561133}.Release|Mixed Platforms.ActiveCfg = Release|Any CPU
		{0E7D4746-344B-4261-A3B6-C94FB0561133}.Release|Mixed Platforms.Build.0 = Release|Any CPU
		{0E7D4746-344B-4261-A3B6-C94FB0561133}.Release|x64.ActiveCfg = Release|Any CPU
		{0E7D4746-344B-4261-A3B6-C94FB0561133}.Release|x86.ActiveCfg = Release|Any CPU
		{3DB49629-ADE8-456F-B4D5-0B22F540E1BC}.Debug|Any CPU.ActiveCfg = Debug|Any CPU
		{3DB49629-ADE8-456F-B4D5-0B22F540E1BC}.Debug|Any CPU.Build.0 = Debug|Any CPU
		{3DB49629-ADE8-456F-B4D5-0B22F540E1BC}.Debug|Mixed Platforms.ActiveCfg = Debug|Any CPU
		{3DB49629-ADE8-456F-B4D5-0B22F540E1BC}.Debug|Mixed Platforms.Build.0 = Debug|Any CPU
		{3DB49629-ADE8-456F-B4D5-0B22F540E1BC}.Debug|x64.ActiveCfg = Debug|Any CPU
		{3DB49629-ADE8-456F-B4D5-0B22F540E1BC}.Debug|x86.ActiveCfg = Debug|Any CPU
		{3DB49629-ADE8-456F-B4D5-0B22F540E1BC}.Release|Any CPU.ActiveCfg = Release|Any CPU
		{3DB49629-ADE8-456F-B4D5-0B22F540E1BC}.Release|Any CPU.Build.0 = Release|Any CPU
		{3DB49629-ADE8-456F-B4D5-0B22F540E1BC}.Release|Mixed Platforms.ActiveCfg = Release|Any CPU
		{3DB49629-ADE8-456F-B4D5-0B22F540E1BC}.Release|Mixed Platforms.Build.0 = Release|Any CPU
		{3DB49629-ADE8-456F-B4D5-0B22F540E1BC}.Release|x64.ActiveCfg = Release|Any CPU
		{3DB49629-ADE8-456F-B4D5-0B22F540E1BC}.Release|x86.ActiveCfg = Release|Any CPU
	EndGlobalSection
	GlobalSection(SolutionProperties) = preSolution
		HideSolutionNode = FALSE
	EndGlobalSection
EndGlobal
